
Microsoft Visual Studio Solution File, Format Version 12.00
# Visual Studio Version 16
VisualStudioVersion = 16.0.30804.86
MinimumVisualStudioVersion = 10.0.40219.1
Project("{FAE04EC0-301F-11D3-BF4B-00C04F79EFBC}") = "WindowRecognition v.1 - Demo", "WindowRecognition v.1 - Demo.csproj", "{0D2EF3C7-892F-40FA-B61D-DE5F4738D3EE}"
EndProject
Global
	GlobalSection(SolutionConfigurationPlatforms) = preSolution
		Debug|Any CPU = Debug|Any CPU
		Release|Any CPU = Release|Any CPU
	EndGlobalSection
	GlobalSection(ProjectConfigurationPlatforms) = postSolution
		{0D2EF3C7-892F-40FA-B61D-DE5F4738D3EE}.Debug|Any CPU.ActiveCfg = Debug|Any CPU
		{0D2EF3C7-892F-40FA-B61D-DE5F4738D3EE}.Debug|Any CPU.Build.0 = Debug|Any CPU
		{0D2EF3C7-892F-40FA-B61D-DE5F4738D3EE}.Release|Any CPU.ActiveCfg = Release|Any CPU
		{0D2EF3C7-892F-40FA-B61D-DE5F4738D3EE}.Release|Any CPU.Build.0 = Release|Any CPU
	EndGlobalSection
	GlobalSection(SolutionProperties) = preSolution
		HideSolutionNode = FALSE
	EndGlobalSection
	GlobalSection(ExtensibilityGlobals) = postSolution
		SolutionGuid = {C6F2D138-E3EE-4267-A31C-7EE4688B68CB}
	EndGlobalSection
EndGlobal
